{
  "name": "api-example",
  "version": "1.0.0",
  "lockfileVersion": 3,
  "requires": true,
  "packages": {
    "": {
      "name": "api-example",
      "version": "1.0.0",
      "license": "ISC",
      "dependencies": {
        "dotenv": "^17.2.3",
        "dotnot": "^0.0.2"
      }
    },
    "node_modules/dotenv": {
      "version": "17.2.3",
      "resolved": "https://registry.npmjs.org/dotenv/-/dotenv-17.2.3.tgz",
      "integrity": "sha512-JVUnt+DUIzu87TABbhPmNfVdBDt18BLOWjMUFJMSi/Qqg7NTYtabbvSNJGOJ7afbRuv9D/lngizHtP7QyLQ+9w==",
      "license": "BSD-2-Clause",
      "engines": {
        "node": ">=12"
      },
      "funding": {
        "url": "https://dotenvx.com"
      }
    },
    "node_modules/dotnot": {
      "version": "0.0.2",
      "resolved": "https://registry.npmjs.org/dotnot/-/dotnot-0.0.2.tgz",
      "integrity": "sha512-+v4j/y+tnVSykXMbOOZbkq/nPytjtNiDpXeC70aHEMad/3szkCR67B4yZEq4Fl4WWXNORsBhDf5IIm9nt34o/Q==",
      "license": "MIT"
    }
  }
}
